
Microsoft Visual Studio Solution File, Format Version 12.00
# Visual Studio Version 16
VisualStudioVersion = 16.0.31019.35
MinimumVisualStudioVersion = 10.0.40219.1
Project("{FAE04EC0-301F-11D3-BF4B-00C04F79EFBC}") = "WebApplication1", "WebApplication1\WebApplication1.csproj", "{B9CEF599-B25E-4532-9396-29D5093E8830}"
EndProject
Global
	GlobalSection(SolutionConfigurationPlatforms) = preSolution
		Debug|Any CPU = Debug|Any CPU
		Release|Any CPU = Release|Any CPU
	EndGlobalSection
	GlobalSection(ProjectConfigurationPlatforms) = postSolution
		{B9CEF599-B25E-4532-9396-29D5093E8830}.Debug|Any CPU.ActiveCfg = Debug|Any CPU
		{B9CEF599-B25E-4532-9396-29D5093E8830}.Debug|Any CPU.Build.0 = Debug|Any CPU
		{B9CEF599-B25E-4532-9396-29D5093E8830}.Release|Any CPU.ActiveCfg = Release|Any CPU
		{B9CEF599-B25E-4532-9396-29D5093E8830}.Release|Any CPU.Build.0 = Release|Any CPU
	EndGlobalSection
	GlobalSection(SolutionProperties) = preSolution
		HideSolutionNode = FALSE
	EndGlobalSection
	GlobalSection(ExtensibilityGlobals) = postSolution
		SolutionGuid = {821838BF-7AD0-4365-A435-96F14A639059}
	EndGlobalSection
EndGlobal
